
Microsoft Visual Studio Solution File, Format Version 12.00
# Visual Studio 15
VisualStudioVersion = 15.0.28010.2019
MinimumVisualStudioVersion = 10.0.40219.1
Project("{FAE04EC0-301F-11D3-BF4B-00C04F79EFBC}") = "task1", "CG_Task6\task1.csproj", "{0105A240-B0D0-4026-A659-DF89741609CB}"
EndProject
Project("{FAE04EC0-301F-11D3-BF4B-00C04F79EFBC}") = "task2", "task2\task2.csproj", "{E54BB917-1952-47EB-B0DB-1ACB1CDAA802}"
EndProject
Project("{FAE04EC0-301F-11D3-BF4B-00C04F79EFBC}") = "task3", "task3\task3.csproj", "{F29426DC-C274-4046-A9ED-66881C860135}"
EndProject
Global
	GlobalSection(SolutionConfigurationPlatforms) = preSolution
		Debug|Any CPU = Debug|Any CPU
		Release|Any CPU = Release|Any CPU
	EndGlobalSection
	GlobalSection(ProjectConfigurationPlatforms) = postSolution
		{0105A240-B0D0-4026-A659-DF89741609CB}.Debug|Any CPU.ActiveCfg = Debug|Any CPU
		{0105A240-B0D0-4026-A659-DF89741609CB}.Debug|Any CPU.Build.0 = Debug|Any CPU
		{0105A240-B0D0-4026-A659-DF89741609CB}.Release|Any CPU.ActiveCfg = Release|Any CPU
		{0105A240-B0D0-4026-A659-DF89741609CB}.Release|Any CPU.Build.0 = Release|Any CPU
		{E54BB917-1952-47EB-B0DB-1ACB1CDAA802}.Debug|Any CPU.ActiveCfg = Debug|Any CPU
		{E54BB917-1952-47EB-B0DB-1ACB1CDAA802}.Debug|Any CPU.Build.0 = Debug|Any CPU
		{E54BB917-1952-47EB-B0DB-1ACB1CDAA802}.Release|Any CPU.ActiveCfg = Release|Any CPU
		{E54BB917-1952-47EB-B0DB-1ACB1CDAA802}.Release|Any CPU.Build.0 = Release|Any CPU
		{F29426DC-C274-4046-A9ED-66881C860135}.Debug|Any CPU.ActiveCfg = Debug|Any CPU
		{F29426DC-C274-4046-A9ED-66881C860135}.Debug|Any CPU.Build.0 = Debug|Any CPU
		{F29426DC-C274-4046-A9ED-66881C860135}.Release|Any CPU.ActiveCfg = Release|Any CPU
		{F29426DC-C274-4046-A9ED-66881C860135}.Release|Any CPU.Build.0 = Release|Any CPU
	EndGlobalSection
	GlobalSection(SolutionProperties) = preSolution
		HideSolutionNode = FALSE
	EndGlobalSection
	GlobalSection(ExtensibilityGlobals) = postSolution
		SolutionGuid = {473F66FF-B321-4363-A4A9-939ECE845F66}
	EndGlobalSection
EndGlobal
